
Microsoft Visual Studio Solution File, Format Version 12.00
# Visual Studio 15
VisualStudioVersion = 15.0.28010.2050
MinimumVisualStudioVersion = 10.0.40219.1
Project("{FAE04EC0-301F-11D3-BF4B-00C04F79EFBC}") = "FileTransferClient", "FileTransferClient\FileTransferClient.csproj", "{B2BE31B7-6557-429B-949B-20AF0F51CB35}"
EndProject
Project("{FAE04EC0-301F-11D3-BF4B-00C04F79EFBC}") = "FileTransferServer", "FileTransferServer\FileTransferServer.csproj", "{F1ACC251-AF0B-4CF2-83CD-6C0ABE59002A}"
EndProject
Project("{FAE04EC0-301F-11D3-BF4B-00C04F79EFBC}") = "Utils", "Utils\Utils.csproj", "{2F010AC3-497D-4D59-BD43-A55819C84CA1}"
EndProject
Global
	GlobalSection(SolutionConfigurationPlatforms) = preSolution
		Debug|Any CPU = Debug|Any CPU
		Release|Any CPU = Release|Any CPU
	EndGlobalSection
	GlobalSection(ProjectConfigurationPlatforms) = postSolution
		{B2BE31B7-6557-429B-949B-20AF0F51CB35}.Debug|Any CPU.ActiveCfg = Debug|Any CPU
		{B2BE31B7-6557-429B-949B-20AF0F51CB35}.Debug|Any CPU.Build.0 = Debug|Any CPU
		{B2BE31B7-6557-429B-949B-20AF0F51CB35}.Release|Any CPU.ActiveCfg = Release|Any CPU
		{B2BE31B7-6557-429B-949B-20AF0F51CB35}.Release|Any CPU.Build.0 = Release|Any CPU
		{F1ACC251-AF0B-4CF2-83CD-6C0ABE59002A}.Debug|Any CPU.ActiveCfg = Debug|Any CPU
		{F1ACC251-AF0B-4CF2-83CD-6C0ABE59002A}.Debug|Any CPU.Build.0 = Debug|Any CPU
		{F1ACC251-AF0B-4CF2-83CD-6C0ABE59002A}.Release|Any CPU.ActiveCfg = Release|Any CPU
		{F1ACC251-AF0B-4CF2-83CD-6C0ABE59002A}.Release|Any CPU.Build.0 = Release|Any CPU
		{2F010AC3-497D-4D59-BD43-A55819C84CA1}.Debug|Any CPU.ActiveCfg = Debug|Any CPU
		{2F010AC3-497D-4D59-BD43-A55819C84CA1}.Debug|Any CPU.Build.0 = Debug|Any CPU
		{2F010AC3-497D-4D59-BD43-A55819C84CA1}.Release|Any CPU.ActiveCfg = Release|Any CPU
		{2F010AC3-497D-4D59-BD43-A55819C84CA1}.Release|Any CPU.Build.0 = Release|Any CPU
	EndGlobalSection
	GlobalSection(SolutionProperties) = preSolution
		HideSolutionNode = FALSE
	EndGlobalSection
	GlobalSection(ExtensibilityGlobals) = postSolution
		SolutionGuid = {27810763-75C6-40EC-BF21-A265BEBF7A71}
	EndGlobalSection
EndGlobal
